<Solution>
  <Folder Name="/Application/">
    <Project Path="src/Application/BuildAndTestService.Application/BuildAndTestService.Application.csproj" />
  </Folder>
  <Folder Name="/Domain/">
    <Project Path="src/Domain/BuildAndTestService.Domain/BuildAndTestService.Domain.csproj" />
  </Folder>
  <Folder Name="/Host/">
    <Project Path="src/Host/BuildAndTestService.Host/BuildAndTestService.Host.csproj" />
  </Folder>
  <Folder Name="/Infrastructure/">
    <Project Path="src/Infrastructure/BuildAndTestService.Infrastructure/BuildAndTestService.Infrastructure.csproj" />
  </Folder>
  <Folder Name="/Presentation/">
    <Project Path="src/Presentation/BuildAndTestService.Presentation/BuildAndTestService.Presentation.csproj" />
  </Folder>
  <Folder Name="/Tests/">
    <Project Path="tests/ArchitectureTests/BuildAndTestService.ArchitectureTests/BuildAndTestService.ArchitectureTests.csproj" />
    <Project Path="tests/BehaviorTests/BuildAndTestService.BehaviorTests/BuildAndTestService.BehaviorTests.csproj" />
    <Project Path="tests/UnitTests/BuildAndTestService.UnitTests/BuildAndTestService.UnitTests.csproj" />
  </Folder>
</Solution>
