<Solution>
  <Project Path="src/BuildAndTestService.Application/BuildAndTestService.Application.csproj" />
  <Project Path="src/BuildAndTestService.Domain/BuildAndTestService.Domain.csproj" />
  <Project Path="src/BuildAndTestService.Host/BuildAndTestService.Host.csproj" />
  <Project Path="src/BuildAndTestService.Infrastructure/BuildAndTestService.Infrastructure.csproj" />
  <Project Path="src/BuildAndTestService.Presentation/BuildAndTestService.Presentation.csproj" />
  <Folder Name="/Tests/">
    <Project Path="tests/BuildAndTestService.ArchitectureTests/BuildAndTestService.ArchitectureTests.csproj" />
    <Project Path="tests/BuildAndTestService.BehaviorTests/BuildAndTestService.BehaviorTests.csproj" />
    <Project Path="tests/BuildAndTestService.UnitTests/BuildAndTestService.UnitTests.csproj" />
  </Folder>
</Solution>
