<Solution>
  <Configurations>
    <Platform Name="x64" />
  </Configurations>
  <Project Path="OutOfTheBox.Bootstrapper/OutOfTheBox.Bootstrapper.wixproj" Type="b7dd6f7e-def8-4e67-b5b7-07ef123db6f0">
    <Platform Project="x64" />
  </Project>
  <Project Path="OutOfTheBox.Msi/OutOfTheBox.Msi.wixproj" Type="b7dd6f7e-def8-4e67-b5b7-07ef123db6f0">
    <Platform Project="x64" />
  </Project>
  <Project Path="OutOfTheBox.Msi.CustomActions/OutOfTheBox.Msi.CustomActions.csproj">
    <Platform Project="x64" />
  </Project>
  <Project Path="OutOfTheBox.Msi.CustomActions.Tests/OutOfTheBox.Msi.CustomActions.Tests.csproj">
    <Platform Project="x64" />
  </Project>
</Solution>
